{
  "nodes": {
    "nixpkgs": {
      "locked": {
        "lastModified": 315532800,
        "narHash": "sha256-SUypWJH5vQPbZAZy5UNB6XUFgak+Dz7cCBgKlHFUauI=",
        "rev": "e45f8f193029378d0aaee5431ba098dc80054e9a",
        "type": "tarball",
        "url": "https://releases.nixos.org/nixpkgs/nixpkgs-25.11pre843586.e45f8f193029/nixexprs.tar.xz?rev=e45f8f193029378d0aaee5431ba098dc80054e9a"
      },
      "original": {
        "type": "tarball",
        "url": "https://channels.nixos.org/nixpkgs-unstable/nixexprs.tar.xz"
      }
    },
    "root": {
      "inputs": {
        "nixpkgs": "nixpkgs"
      }
    }
  },
  "root": "root",
  "version": 7
}
