{
  "nodes": {
    "nixpkgs": {
      "locked": {
        "lastModified": 315532800,
        "narHash": "sha256-C3qOklutnAFjSypDIMZS/crhzV1Bamw2IrrzvqyvNBU=",
        "rev": "d33e926c80e6521a55da380a4c4c44a7462af405",
        "type": "tarball",
        "url": "https://releases.nixos.org/nixpkgs/nixpkgs-25.11pre860064.d33e926c80e6/nixexprs.tar.xz?rev=d33e926c80e6521a55da380a4c4c44a7462af405"
      },
      "original": {
        "type": "tarball",
        "url": "https://channels.nixos.org/nixpkgs-unstable/nixexprs.tar.xz"
      }
    },
    "root": {
      "inputs": {
        "nixpkgs": "nixpkgs"
      }
    }
  },
  "root": "root",
  "version": 7
}
