{
  "nodes": {
    "nixpkgs": {
      "locked": {
        "lastModified": 1769983348,
        "narHash": "sha256-8ZHu2XGI7fL8br+316axfOOnuDSm4/Iuyl5eeFOUFK0=",
        "rev": "eb8d947de7b05897b2b5f4117d184f9c9846cd06",
        "type": "tarball",
        "url": "https://releases.nixos.org/nixpkgs/nixpkgs-26.05pre938561.eb8d947de7b0/nixexprs.tar.xz?lastModified=1769983348&rev=eb8d947de7b05897b2b5f4117d184f9c9846cd06"
      },
      "original": {
        "type": "tarball",
        "url": "https://channels.nixos.org/nixpkgs-unstable/nixexprs.tar.xz"
      }
    },
    "root": {
      "inputs": {
        "nixpkgs": "nixpkgs"
      }
    }
  },
  "root": "root",
  "version": 7
}
